
Microsoft Visual Studio Solution File, Format Version 12.00
# Visual Studio Version 16
VisualStudioVersion = 16.0.30406.217
MinimumVisualStudioVersion = 10.0.40219.1
Project("{FAE04EC0-301F-11D3-BF4B-00C04F79EFBC}") = "WindowsThemeListener", "WindowsThemeListener\WindowsThemeListener.csproj", "{15033321-2919-453C-B023-159F2B0F3462}"
EndProject
Project("{FAE04EC0-301F-11D3-BF4B-00C04F79EFBC}") = "WindowsThemeListener.Demo", "WindowsThemeListener.Demo\WindowsThemeListener.Demo.csproj", "{1673B32E-20DC-4118-B25B-075339D4EA2C}"
EndProject
Global
	GlobalSection(SolutionConfigurationPlatforms) = preSolution
		Debug|Any CPU = Debug|Any CPU
		Release|Any CPU = Release|Any CPU
	EndGlobalSection
	GlobalSection(ProjectConfigurationPlatforms) = postSolution
		{15033321-2919-453C-B023-159F2B0F3462}.Debug|Any CPU.ActiveCfg = Debug|Any CPU
		{15033321-2919-453C-B023-159F2B0F3462}.Debug|Any CPU.Build.0 = Debug|Any CPU
		{15033321-2919-453C-B023-159F2B0F3462}.Release|Any CPU.ActiveCfg = Release|Any CPU
		{15033321-2919-453C-B023-159F2B0F3462}.Release|Any CPU.Build.0 = Release|Any CPU
		{1673B32E-20DC-4118-B25B-075339D4EA2C}.Debug|Any CPU.ActiveCfg = Debug|Any CPU
		{1673B32E-20DC-4118-B25B-075339D4EA2C}.Debug|Any CPU.Build.0 = Debug|Any CPU
		{1673B32E-20DC-4118-B25B-075339D4EA2C}.Release|Any CPU.ActiveCfg = Release|Any CPU
		{1673B32E-20DC-4118-B25B-075339D4EA2C}.Release|Any CPU.Build.0 = Release|Any CPU
	EndGlobalSection
	GlobalSection(SolutionProperties) = preSolution
		HideSolutionNode = FALSE
	EndGlobalSection
	GlobalSection(ExtensibilityGlobals) = postSolution
		SolutionGuid = {60222662-B932-4D24-BC6E-4782074BE8B8}
	EndGlobalSection
EndGlobal
